
Microsoft Visual Studio Solution File, Format Version 12.00
Project("{FAE04EC0-301F-11D3-BF4B-00C04F79EFBC}") = "StrongIDs", "StrongIDs\StrongIDs.csproj", "{D1007D0B-FD89-4DAE-8581-9469EF26B229}"
EndProject
Project("{FAE04EC0-301F-11D3-BF4B-00C04F79EFBC}") = "StrongIDs.Sample", "StrongIDs.Sample\StrongIDs.Sample.csproj", "{FCE03CFD-AA58-40E1-87F4-54AD3D76CE66}"
EndProject
Global
	GlobalSection(SolutionConfigurationPlatforms) = preSolution
		Debug|Any CPU = Debug|Any CPU
		Release|Any CPU = Release|Any CPU
	EndGlobalSection
	GlobalSection(ProjectConfigurationPlatforms) = postSolution
		{D1007D0B-FD89-4DAE-8581-9469EF26B229}.Debug|Any CPU.ActiveCfg = Debug|Any CPU
		{D1007D0B-FD89-4DAE-8581-9469EF26B229}.Debug|Any CPU.Build.0 = Debug|Any CPU
		{D1007D0B-FD89-4DAE-8581-9469EF26B229}.Release|Any CPU.ActiveCfg = Release|Any CPU
		{D1007D0B-FD89-4DAE-8581-9469EF26B229}.Release|Any CPU.Build.0 = Release|Any CPU
		{FCE03CFD-AA58-40E1-87F4-54AD3D76CE66}.Debug|Any CPU.ActiveCfg = Debug|Any CPU
		{FCE03CFD-AA58-40E1-87F4-54AD3D76CE66}.Debug|Any CPU.Build.0 = Debug|Any CPU
		{FCE03CFD-AA58-40E1-87F4-54AD3D76CE66}.Release|Any CPU.ActiveCfg = Release|Any CPU
		{FCE03CFD-AA58-40E1-87F4-54AD3D76CE66}.Release|Any CPU.Build.0 = Release|Any CPU
	EndGlobalSection
EndGlobal
